
Microsoft Visual Studio Solution File, Format Version 12.00
# Visual Studio Version 16
VisualStudioVersion = 16.0.29613.14
MinimumVisualStudioVersion = 10.0.40219.1
Project("{FAE04EC0-301F-11D3-BF4B-00C04F79EFBC}") = "MySuperBank", "MySuperBank.csproj", "{47A3787D-E1C1-4F27-AE4A-71B4B9C8B6E8}"
EndProject
Project("{FAE04EC0-301F-11D3-BF4B-00C04F79EFBC}") = "BankyStuffLibrary", "..\BankyStuffLibrary\BankyStuffLibrary.csproj", "{8DFD07D8-92AD-49AD-B7BA-CB0D4527E3A7}"
EndProject
Project("{FAE04EC0-301F-11D3-BF4B-00C04F79EFBC}") = "BankingTests", "..\BankingTests\BankingTests.csproj", "{8CE7C890-728C-48C9-9C28-2B5F0193A248}"
EndProject
Global
	GlobalSection(SolutionConfigurationPlatforms) = preSolution
		Debug|Any CPU = Debug|Any CPU
		Release|Any CPU = Release|Any CPU
	EndGlobalSection
	GlobalSection(ProjectConfigurationPlatforms) = postSolution
		{47A3787D-E1C1-4F27-AE4A-71B4B9C8B6E8}.Debug|Any CPU.ActiveCfg = Debug|Any CPU
		{47A3787D-E1C1-4F27-AE4A-71B4B9C8B6E8}.Debug|Any CPU.Build.0 = Debug|Any CPU
		{47A3787D-E1C1-4F27-AE4A-71B4B9C8B6E8}.Release|Any CPU.ActiveCfg = Release|Any CPU
		{47A3787D-E1C1-4F27-AE4A-71B4B9C8B6E8}.Release|Any CPU.Build.0 = Release|Any CPU
		{8DFD07D8-92AD-49AD-B7BA-CB0D4527E3A7}.Debug|Any CPU.ActiveCfg = Debug|Any CPU
		{8DFD07D8-92AD-49AD-B7BA-CB0D4527E3A7}.Debug|Any CPU.Build.0 = Debug|Any CPU
		{8DFD07D8-92AD-49AD-B7BA-CB0D4527E3A7}.Release|Any CPU.ActiveCfg = Release|Any CPU
		{8DFD07D8-92AD-49AD-B7BA-CB0D4527E3A7}.Release|Any CPU.Build.0 = Release|Any CPU
		{8CE7C890-728C-48C9-9C28-2B5F0193A248}.Debug|Any CPU.ActiveCfg = Debug|Any CPU
		{8CE7C890-728C-48C9-9C28-2B5F0193A248}.Debug|Any CPU.Build.0 = Debug|Any CPU
		{8CE7C890-728C-48C9-9C28-2B5F0193A248}.Release|Any CPU.ActiveCfg = Release|Any CPU
		{8CE7C890-728C-48C9-9C28-2B5F0193A248}.Release|Any CPU.Build.0 = Release|Any CPU
	EndGlobalSection
	GlobalSection(SolutionProperties) = preSolution
		HideSolutionNode = FALSE
	EndGlobalSection
	GlobalSection(ExtensibilityGlobals) = postSolution
		SolutionGuid = {9707E363-B58B-40CC-A363-C30D34045CC2}
	EndGlobalSection
EndGlobal
